// !$*UTF8*$!
{
	archiveVersion = 1;
	classes = {
	};
	objectVersion = 50;
	objects = {

/* Begin PBXBuildFile section */
		F2C0D5B723DFF79D00DCF976 /* Assets.xcassets in Resources */ = {isa = PBXBuildFile; fileRef = F2C0D5B623DFF79D00DCF976 /* Assets.xcassets */; };
		F2C0D5C923DFFD3B00DCF976 /* Custom_View.swift in Sources */ = {isa = PBXBuildFile; fileRef = F2C0D5C223DFFD3A00DCF976 /* Custom_View.swift */; };
		F2C0D5CA23DFFD3B00DCF976 /* Custom_Button.swift in Sources */ = {isa = PBXBuildFile; fileRef = F2C0D5C323DFFD3B00DCF976 /* Custom_Button.swift */; };
		F2C0D5CB23DFFD3B00DCF976 /* Custom_Label.swift in Sources */ = {isa = PBXBuildFile; fileRef = F2C0D5C423DFFD3B00DCF976 /* Custom_Label.swift */; };
		F2C0D5CC23DFFD3B00DCF976 /* Custom_Segment.swift in Sources */ = {isa = PBXBuildFile; fileRef = F2C0D5C523DFFD3B00DCF976 /* Custom_Segment.swift */; };
		F2C0D5CD23DFFD3B00DCF976 /* Custom_ImageView.swift in Sources */ = {isa = PBXBuildFile; fileRef = F2C0D5C623DFFD3B00DCF976 /* Custom_ImageView.swift */; };
		F2C0D5CE23DFFD3B00DCF976 /* UnderlinedTextField.swift in Sources */ = {isa = PBXBuildFile; fileRef = F2C0D5C723DFFD3B00DCF976 /* UnderlinedTextField.swift */; };
		F2C0D5CF23DFFD3B00DCF976 /* ConfigureUserInterface.swift in Sources */ = {isa = PBXBuildFile; fileRef = F2C0D5C823DFFD3B00DCF976 /* ConfigureUserInterface.swift */; };
		F2C0D5DC23E0011200DCF976 /* Neuzeit Grotesk W01 Black.otf in Resources */ = {isa = PBXBuildFile; fileRef = F2C0D5D823E0010B00DCF976 /* Neuzeit Grotesk W01 Black.otf */; };
		F2C0D5DD23E0011200DCF976 /* Neuzeit Grotesk W01 Light.otf in Resources */ = {isa = PBXBuildFile; fileRef = F2C0D5DB23E0010B00DCF976 /* Neuzeit Grotesk W01 Light.otf */; };
		F2C0D5DE23E0011200DCF976 /* Neuzeit Grotesk W01 Regular.otf in Resources */ = {isa = PBXBuildFile; fileRef = F2C0D5D923E0010B00DCF976 /* Neuzeit Grotesk W01 Regular.otf */; };
		F2C0D5DF23E0011200DCF976 /* NeuzeitSBook.ttf in Resources */ = {isa = PBXBuildFile; fileRef = F2C0D5DA23E0010B00DCF976 /* NeuzeitSBook.ttf */; };
		F2C0D5E223E011AB00DCF976 /* Sitter.storyboard in Resources */ = {isa = PBXBuildFile; fileRef = F2C0D5E123E011AB00DCF976 /* Sitter.storyboard */; };
		F2C0D5E423E011BC00DCF976 /* Parent.storyboard in Resources */ = {isa = PBXBuildFile; fileRef = F2C0D5E323E011BC00DCF976 /* Parent.storyboard */; };
		F2C0D5E723E0154100DCF976 /* UserSelectorVC.swift in Sources */ = {isa = PBXBuildFile; fileRef = F2C0D5E623E0154100DCF976 /* UserSelectorVC.swift */; };
		F2CCE2F223DFF588009B385E /* AppDelegate.swift in Sources */ = {isa = PBXBuildFile; fileRef = F2CCE2F123DFF588009B385E /* AppDelegate.swift */; };
		F2CCE2F423DFF588009B385E /* SceneDelegate.swift in Sources */ = {isa = PBXBuildFile; fileRef = F2CCE2F323DFF588009B385E /* SceneDelegate.swift */; };
		F2CCE2F623DFF588009B385E /* InitialController.swift in Sources */ = {isa = PBXBuildFile; fileRef = F2CCE2F523DFF588009B385E /* InitialController.swift */; };
		F2CCE2F923DFF588009B385E /* Main.storyboard in Resources */ = {isa = PBXBuildFile; fileRef = F2CCE2F723DFF588009B385E /* Main.storyboard */; };
		F2CCE2FE23DFF589009B385E /* LaunchScreen.storyboard in Resources */ = {isa = PBXBuildFile; fileRef = F2CCE2FC23DFF589009B385E /* LaunchScreen.storyboard */; };
/* End PBXBuildFile section */

/* Begin PBXFileReference section */
		F2C0D5B623DFF79D00DCF976 /* Assets.xcassets */ = {isa = PBXFileReference; lastKnownFileType = folder.assetcatalog; path = Assets.xcassets; sourceTree = "<group>"; };
		F2C0D5C223DFFD3A00DCF976 /* Custom_View.swift */ = {isa = PBXFileReference; fileEncoding = 4; lastKnownFileType = sourcecode.swift; path = Custom_View.swift; sourceTree = "<group>"; };
		F2C0D5C323DFFD3B00DCF976 /* Custom_Button.swift */ = {isa = PBXFileReference; fileEncoding = 4; lastKnownFileType = sourcecode.swift; path = Custom_Button.swift; sourceTree = "<group>"; };
		F2C0D5C423DFFD3B00DCF976 /* Custom_Label.swift */ = {isa = PBXFileReference; fileEncoding = 4; lastKnownFileType = sourcecode.swift; path = Custom_Label.swift; sourceTree = "<group>"; };
		F2C0D5C523DFFD3B00DCF976 /* Custom_Segment.swift */ = {isa = PBXFileReference; fileEncoding = 4; lastKnownFileType = sourcecode.swift; path = Custom_Segment.swift; sourceTree = "<group>"; };
		F2C0D5C623DFFD3B00DCF976 /* Custom_ImageView.swift */ = {isa = PBXFileReference; fileEncoding = 4; lastKnownFileType = sourcecode.swift; path = Custom_ImageView.swift; sourceTree = "<group>"; };
		F2C0D5C723DFFD3B00DCF976 /* UnderlinedTextField.swift */ = {isa = PBXFileReference; fileEncoding = 4; lastKnownFileType = sourcecode.swift; path = UnderlinedTextField.swift; sourceTree = "<group>"; };
		F2C0D5C823DFFD3B00DCF976 /* ConfigureUserInterface.swift */ = {isa = PBXFileReference; fileEncoding = 4; lastKnownFileType = sourcecode.swift; path = ConfigureUserInterface.swift; sourceTree = "<group>"; };
		F2C0D5D823E0010B00DCF976 /* Neuzeit Grotesk W01 Black.otf */ = {isa = PBXFileReference; lastKnownFileType = file; path = "Neuzeit Grotesk W01 Black.otf"; sourceTree = "<group>"; };
		F2C0D5D923E0010B00DCF976 /* Neuzeit Grotesk W01 Regular.otf */ = {isa = PBXFileReference; lastKnownFileType = file; path = "Neuzeit Grotesk W01 Regular.otf"; sourceTree = "<group>"; };
		F2C0D5DA23E0010B00DCF976 /* NeuzeitSBook.ttf */ = {isa = PBXFileReference; lastKnownFileType = file; path = NeuzeitSBook.ttf; sourceTree = "<group>"; };
		F2C0D5DB23E0010B00DCF976 /* Neuzeit Grotesk W01 Light.otf */ = {isa = PBXFileReference; lastKnownFileType = file; path = "Neuzeit Grotesk W01 Light.otf"; sourceTree = "<group>"; };
		F2C0D5E123E011AB00DCF976 /* Sitter.storyboard */ = {isa = PBXFileReference; lastKnownFileType = file.storyboard; path = Sitter.storyboard; sourceTree = "<group>"; };
		F2C0D5E323E011BC00DCF976 /* Parent.storyboard */ = {isa = PBXFileReference; lastKnownFileType = file.storyboard; path = Parent.storyboard; sourceTree = "<group>"; };
		F2C0D5E623E0154100DCF976 /* UserSelectorVC.swift */ = {isa = PBXFileReference; lastKnownFileType = sourcecode.swift; path = UserSelectorVC.swift; sourceTree = "<group>"; };
		F2CCE2EE23DFF588009B385E /* Sitwitus.app */ = {isa = PBXFileReference; explicitFileType = wrapper.application; includeInIndex = 0; path = Sitwitus.app; sourceTree = BUILT_PRODUCTS_DIR; };
		F2CCE2F123DFF588009B385E /* AppDelegate.swift */ = {isa = PBXFileReference; lastKnownFileType = sourcecode.swift; path = AppDelegate.swift; sourceTree = "<group>"; };
		F2CCE2F323DFF588009B385E /* SceneDelegate.swift */ = {isa = PBXFileReference; lastKnownFileType = sourcecode.swift; path = SceneDelegate.swift; sourceTree = "<group>"; };
		F2CCE2F523DFF588009B385E /* InitialController.swift */ = {isa = PBXFileReference; lastKnownFileType = sourcecode.swift; path = InitialController.swift; sourceTree = "<group>"; };
		F2CCE2F823DFF588009B385E /* Base */ = {isa = PBXFileReference; lastKnownFileType = file.storyboard; name = Base; path = Base.lproj/Main.storyboard; sourceTree = "<group>"; };
		F2CCE2FD23DFF589009B385E /* Base */ = {isa = PBXFileReference; lastKnownFileType = file.storyboard; name = Base; path = Base.lproj/LaunchScreen.storyboard; sourceTree = "<group>"; };
		F2CCE2FF23DFF589009B385E /* Info.plist */ = {isa = PBXFileReference; lastKnownFileType = text.plist.xml; path = Info.plist; sourceTree = "<group>"; };
/* End PBXFileReference section */

/* Begin PBXFrameworksBuildPhase section */
		F2CCE2EB23DFF588009B385E /* Frameworks */ = {
			isa = PBXFrameworksBuildPhase;
			buildActionMask = 2147483647;
			files = (
			);
			runOnlyForDeploymentPostprocessing = 0;
		};
/* End PBXFrameworksBuildPhase section */

/* Begin PBXGroup section */
		F2C0D5B823DFFCD100DCF976 /* Fonts */ = {
			isa = PBXGroup;
			children = (
				F2C0D5D823E0010B00DCF976 /* Neuzeit Grotesk W01 Black.otf */,
				F2C0D5DB23E0010B00DCF976 /* Neuzeit Grotesk W01 Light.otf */,
				F2C0D5D923E0010B00DCF976 /* Neuzeit Grotesk W01 Regular.otf */,
				F2C0D5DA23E0010B00DCF976 /* NeuzeitSBook.ttf */,
			);
			path = Fonts;
			sourceTree = "<group>";
		};
		F2C0D5C123DFFD1E00DCF976 /* Customize */ = {
			isa = PBXGroup;
			children = (
				F2C0D5C823DFFD3B00DCF976 /* ConfigureUserInterface.swift */,
				F2C0D5C323DFFD3B00DCF976 /* Custom_Button.swift */,
				F2C0D5C623DFFD3B00DCF976 /* Custom_ImageView.swift */,
				F2C0D5C423DFFD3B00DCF976 /* Custom_Label.swift */,
				F2C0D5C523DFFD3B00DCF976 /* Custom_Segment.swift */,
				F2C0D5C223DFFD3A00DCF976 /* Custom_View.swift */,
				F2C0D5C723DFFD3B00DCF976 /* UnderlinedTextField.swift */,
			);
			path = Customize;
			sourceTree = "<group>";
		};
		F2C0D5E023E0117800DCF976 /* StoryBoard */ = {
			isa = PBXGroup;
			children = (
				F2CCE2F723DFF588009B385E /* Main.storyboard */,
				F2C0D5E123E011AB00DCF976 /* Sitter.storyboard */,
				F2C0D5E323E011BC00DCF976 /* Parent.storyboard */,
			);
			path = StoryBoard;
			sourceTree = "<group>";
		};
		F2C0D5E523E014DC00DCF976 /* Controller */ = {
			isa = PBXGroup;
			children = (
				F2C0D5EA23E015D300DCF976 /* Parent */,
				F2C0D5E923E015C800DCF976 /* Sitter */,
				F2C0D5E823E015B600DCF976 /* Main */,
			);
			path = Controller;
			sourceTree = "<group>";
		};
		F2C0D5E823E015B600DCF976 /* Main */ = {
			isa = PBXGroup;
			children = (
				F2CCE2F523DFF588009B385E /* InitialController.swift */,
				F2C0D5E623E0154100DCF976 /* UserSelectorVC.swift */,
			);
			path = Main;
			sourceTree = "<group>";
		};
		F2C0D5E923E015C800DCF976 /* Sitter */ = {
			isa = PBXGroup;
			children = (
			);
			path = Sitter;
			sourceTree = "<group>";
		};
		F2C0D5EA23E015D300DCF976 /* Parent */ = {
			isa = PBXGroup;
			children = (
			);
			path = Parent;
			sourceTree = "<group>";
		};
		F2CCE2E523DFF588009B385E = {
			isa = PBXGroup;
			children = (
				F2CCE2F023DFF588009B385E /* Sitwitus */,
				F2CCE2EF23DFF588009B385E /* Products */,
			);
			indentWidth = 5;
			sourceTree = "<group>";
		};
		F2CCE2EF23DFF588009B385E /* Products */ = {
			isa = PBXGroup;
			children = (
				F2CCE2EE23DFF588009B385E /* Sitwitus.app */,
			);
			name = Products;
			sourceTree = "<group>";
		};
		F2CCE2F023DFF588009B385E /* Sitwitus */ = {
			isa = PBXGroup;
			children = (
				F2C0D5C123DFFD1E00DCF976 /* Customize */,
				F2C0D5B823DFFCD100DCF976 /* Fonts */,
				F2CCE2F123DFF588009B385E /* AppDelegate.swift */,
				F2CCE2F323DFF588009B385E /* SceneDelegate.swift */,
				F2C0D5E523E014DC00DCF976 /* Controller */,
				F2C0D5E023E0117800DCF976 /* StoryBoard */,
				F2CCE2FC23DFF589009B385E /* LaunchScreen.storyboard */,
				F2C0D5B623DFF79D00DCF976 /* Assets.xcassets */,
				F2CCE2FF23DFF589009B385E /* Info.plist */,
			);
			path = Sitwitus;
			sourceTree = "<group>";
		};
/* End PBXGroup section */

/* Begin PBXNativeTarget section */
		F2CCE2ED23DFF588009B385E /* Sitwitus */ = {
			isa = PBXNativeTarget;
			buildConfigurationList = F2CCE30223DFF589009B385E /* Build configuration list for PBXNativeTarget "Sitwitus" */;
			buildPhases = (
				F2CCE2EA23DFF588009B385E /* Sources */,
				F2CCE2EB23DFF588009B385E /* Frameworks */,
				F2CCE2EC23DFF588009B385E /* Resources */,
			);
			buildRules = (
			);
			dependencies = (
			);
			name = Sitwitus;
			productName = Sitwitus;
			productReference = F2CCE2EE23DFF588009B385E /* Sitwitus.app */;
			productType = "com.apple.product-type.application";
		};
/* End PBXNativeTarget section */

/* Begin PBXProject section */
		F2CCE2E623DFF588009B385E /* Project object */ = {
			isa = PBXProject;
			attributes = {
				LastSwiftUpdateCheck = 1130;
				LastUpgradeCheck = 1130;
				ORGANIZATIONNAME = "Syed ShahRukh Haider";
				TargetAttributes = {
					F2CCE2ED23DFF588009B385E = {
						CreatedOnToolsVersion = 11.3.1;
					};
				};
			};
			buildConfigurationList = F2CCE2E923DFF588009B385E /* Build configuration list for PBXProject "Sitwitus" */;
			compatibilityVersion = "Xcode 9.3";
			developmentRegion = en;
			hasScannedForEncodings = 0;
			knownRegions = (
				en,
				Base,
			);
			mainGroup = F2CCE2E523DFF588009B385E;
			productRefGroup = F2CCE2EF23DFF588009B385E /* Products */;
			projectDirPath = "";
			projectRoot = "";
			targets = (
				F2CCE2ED23DFF588009B385E /* Sitwitus */,
			);
		};
/* End PBXProject section */

/* Begin PBXResourcesBuildPhase section */
		F2CCE2EC23DFF588009B385E /* Resources */ = {
			isa = PBXResourcesBuildPhase;
			buildActionMask = 2147483647;
			files = (
				F2C0D5E423E011BC00DCF976 /* Parent.storyboard in Resources */,
				F2C0D5DC23E0011200DCF976 /* Neuzeit Grotesk W01 Black.otf in Resources */,
				F2C0D5DF23E0011200DCF976 /* NeuzeitSBook.ttf in Resources */,
				F2C0D5DE23E0011200DCF976 /* Neuzeit Grotesk W01 Regular.otf in Resources */,
				F2C0D5E223E011AB00DCF976 /* Sitter.storyboard in Resources */,
				F2C0D5DD23E0011200DCF976 /* Neuzeit Grotesk W01 Light.otf in Resources */,
				F2CCE2FE23DFF589009B385E /* LaunchScreen.storyboard in Resources */,
				F2C0D5B723DFF79D00DCF976 /* Assets.xcassets in Resources */,
				F2CCE2F923DFF588009B385E /* Main.storyboard in Resources */,
			);
			runOnlyForDeploymentPostprocessing = 0;
		};
/* End PBXResourcesBuildPhase section */

/* Begin PBXSourcesBuildPhase section */
		F2CCE2EA23DFF588009B385E /* Sources */ = {
			isa = PBXSourcesBuildPhase;
			buildActionMask = 2147483647;
			files = (
				F2C0D5E723E0154100DCF976 /* UserSelectorVC.swift in Sources */,
				F2CCE2F623DFF588009B385E /* InitialController.swift in Sources */,
				F2C0D5CF23DFFD3B00DCF976 /* ConfigureUserInterface.swift in Sources */,
				F2C0D5CD23DFFD3B00DCF976 /* Custom_ImageView.swift in Sources */,
				F2C0D5C923DFFD3B00DCF976 /* Custom_View.swift in Sources */,
				F2CCE2F223DFF588009B385E /* AppDelegate.swift in Sources */,
				F2C0D5CE23DFFD3B00DCF976 /* UnderlinedTextField.swift in Sources */,
				F2C0D5CA23DFFD3B00DCF976 /* Custom_Button.swift in Sources */,
				F2CCE2F423DFF588009B385E /* SceneDelegate.swift in Sources */,
				F2C0D5CC23DFFD3B00DCF976 /* Custom_Segment.swift in Sources */,
				F2C0D5CB23DFFD3B00DCF976 /* Custom_Label.swift in Sources */,
			);
			runOnlyForDeploymentPostprocessing = 0;
		};
/* End PBXSourcesBuildPhase section */

/* Begin PBXVariantGroup section */
		F2CCE2F723DFF588009B385E /* Main.storyboard */ = {
			isa = PBXVariantGroup;
			children = (
				F2CCE2F823DFF588009B385E /* Base */,
			);
			name = Main.storyboard;
			sourceTree = "<group>";
		};
		F2CCE2FC23DFF589009B385E /* LaunchScreen.storyboard */ = {
			isa = PBXVariantGroup;
			children = (
				F2CCE2FD23DFF589009B385E /* Base */,
			);
			name = LaunchScreen.storyboard;
			sourceTree = "<group>";
		};
/* End PBXVariantGroup section */

/* Begin XCBuildConfiguration section */
		F2CCE30023DFF589009B385E /* Debug */ = {
			isa = XCBuildConfiguration;
			buildSettings = {
				ALWAYS_SEARCH_USER_PATHS = NO;
				CLANG_ANALYZER_NONNULL = YES;
				CLANG_ANALYZER_NUMBER_OBJECT_CONVERSION = YES_AGGRESSIVE;
				CLANG_CXX_LANGUAGE_STANDARD = "gnu++14";
				CLANG_CXX_LIBRARY = "libc++";
				CLANG_ENABLE_MODULES = YES;
				CLANG_ENABLE_OBJC_ARC = YES;
				CLANG_ENABLE_OBJC_WEAK = YES;
				CLANG_WARN_BLOCK_CAPTURE_AUTORELEASING = YES;
				CLANG_WARN_BOOL_CONVERSION = YES;
				CLANG_WARN_COMMA = YES;
				CLANG_WARN_CONSTANT_CONVERSION = YES;
				CLANG_WARN_DEPRECATED_OBJC_IMPLEMENTATIONS = YES;
				CLANG_WARN_DIRECT_OBJC_ISA_USAGE = YES_ERROR;
				CLANG_WARN_DOCUMENTATION_COMMENTS = YES;
				CLANG_WARN_EMPTY_BODY = YES;
				CLANG_WARN_ENUM_CONVERSION = YES;
				CLANG_WARN_INFINITE_RECURSION = YES;
				CLANG_WARN_INT_CONVERSION = YES;
				CLANG_WARN_NON_LITERAL_NULL_CONVERSION = YES;
				CLANG_WARN_OBJC_IMPLICIT_RETAIN_SELF = YES;
				CLANG_WARN_OBJC_LITERAL_CONVERSION = YES;
				CLANG_WARN_OBJC_ROOT_CLASS = YES_ERROR;
				CLANG_WARN_RANGE_LOOP_ANALYSIS = YES;
				CLANG_WARN_STRICT_PROTOTYPES = YES;
				CLANG_WARN_SUSPICIOUS_MOVE = YES;
				CLANG_WARN_UNGUARDED_AVAILABILITY = YES_AGGRESSIVE;
				CLANG_WARN_UNREACHABLE_CODE = YES;
				CLANG_WARN__DUPLICATE_METHOD_MATCH = YES;
				COPY_PHASE_STRIP = NO;
				DEBUG_INFORMATION_FORMAT = dwarf;
				ENABLE_STRICT_OBJC_MSGSEND = YES;
				ENABLE_TESTABILITY = YES;
				GCC_C_LANGUAGE_STANDARD = gnu11;
				GCC_DYNAMIC_NO_PIC = NO;
				GCC_NO_COMMON_BLOCKS = YES;
				GCC_OPTIMIZATION_LEVEL = 0;
				GCC_PREPROCESSOR_DEFINITIONS = (
					"DEBUG=1",
					"$(inherited)",
				);
				GCC_WARN_64_TO_32_BIT_CONVERSION = YES;
				GCC_WARN_ABOUT_RETURN_TYPE = YES_ERROR;
				GCC_WARN_UNDECLARED_SELECTOR = YES;
				GCC_WARN_UNINITIALIZED_AUTOS = YES_AGGRESSIVE;
				GCC_WARN_UNUSED_FUNCTION = YES;
				GCC_WARN_UNUSED_VARIABLE = YES;
				IPHONEOS_DEPLOYMENT_TARGET = 13.2;
				MTL_ENABLE_DEBUG_INFO = INCLUDE_SOURCE;
				MTL_FAST_MATH = YES;
				ONLY_ACTIVE_ARCH = YES;
				SDKROOT = iphoneos;
				SWIFT_ACTIVE_COMPILATION_CONDITIONS = DEBUG;
				SWIFT_OPTIMIZATION_LEVEL = "-Onone";
			};
			name = Debug;
		};
		F2CCE30123DFF589009B385E /* Release */ = {
			isa = XCBuildConfiguration;
			buildSettings = {
				ALWAYS_SEARCH_USER_PATHS = NO;
				CLANG_ANALYZER_NONNULL = YES;
				CLANG_ANALYZER_NUMBER_OBJECT_CONVERSION = YES_AGGRESSIVE;
				CLANG_CXX_LANGUAGE_STANDARD = "gnu++14";
				CLANG_CXX_LIBRARY = "libc++";
				CLANG_ENABLE_MODULES = YES;
				CLANG_ENABLE_OBJC_ARC = YES;
				CLANG_ENABLE_OBJC_WEAK = YES;
				CLANG_WARN_BLOCK_CAPTURE_AUTORELEASING = YES;
				CLANG_WARN_BOOL_CONVERSION = YES;
				CLANG_WARN_COMMA = YES;
				CLANG_WARN_CONSTANT_CONVERSION = YES;
				CLANG_WARN_DEPRECATED_OBJC_IMPLEMENTATIONS = YES;
				CLANG_WARN_DIRECT_OBJC_ISA_USAGE = YES_ERROR;
				CLANG_WARN_DOCUMENTATION_COMMENTS = YES;
				CLANG_WARN_EMPTY_BODY = YES;
				CLANG_WARN_ENUM_CONVERSION = YES;
				CLANG_WARN_INFINITE_RECURSION = YES;
				CLANG_WARN_INT_CONVERSION = YES;
				CLANG_WARN_NON_LITERAL_NULL_CONVERSION = YES;
				CLANG_WARN_OBJC_IMPLICIT_RETAIN_SELF = YES;
				CLANG_WARN_OBJC_LITERAL_CONVERSION = YES;
				CLANG_WARN_OBJC_ROOT_CLASS = YES_ERROR;
				CLANG_WARN_RANGE_LOOP_ANALYSIS = YES;
				CLANG_WARN_STRICT_PROTOTYPES = YES;
				CLANG_WARN_SUSPICIOUS_MOVE = YES;
				CLANG_WARN_UNGUARDED_AVAILABILITY = YES_AGGRESSIVE;
				CLANG_WARN_UNREACHABLE_CODE = YES;
				CLANG_WARN__DUPLICATE_METHOD_MATCH = YES;
				COPY_PHASE_STRIP = NO;
				DEBUG_INFORMATION_FORMAT = "dwarf-with-dsym";
				ENABLE_NS_ASSERTIONS = NO;
				ENABLE_STRICT_OBJC_MSGSEND = YES;
				GCC_C_LANGUAGE_STANDARD = gnu11;
				GCC_NO_COMMON_BLOCKS = YES;
				GCC_WARN_64_TO_32_BIT_CONVERSION = YES;
				GCC_WARN_ABOUT_RETURN_TYPE = YES_ERROR;
				GCC_WARN_UNDECLARED_SELECTOR = YES;
				GCC_WARN_UNINITIALIZED_AUTOS = YES_AGGRESSIVE;
				GCC_WARN_UNUSED_FUNCTION = YES;
				GCC_WARN_UNUSED_VARIABLE = YES;
				IPHONEOS_DEPLOYMENT_TARGET = 13.2;
				MTL_ENABLE_DEBUG_INFO = NO;
				MTL_FAST_MATH = YES;
				SDKROOT = iphoneos;
				SWIFT_COMPILATION_MODE = wholemodule;
				SWIFT_OPTIMIZATION_LEVEL = "-O";
				VALIDATE_PRODUCT = YES;
			};
			name = Release;
		};
		F2CCE30323DFF589009B385E /* Debug */ = {
			isa = XCBuildConfiguration;
			buildSettings = {
				ASSETCATALOG_COMPILER_APPICON_NAME = AppIcon;
				CODE_SIGN_STYLE = Automatic;
				DEVELOPMENT_TEAM = 4CZP9C7L6H;
				INFOPLIST_FILE = Sitwitus/Info.plist;
				LD_RUNPATH_SEARCH_PATHS = (
					"$(inherited)",
					"@executable_path/Frameworks",
				);
				PRODUCT_BUNDLE_IDENTIFIER = com.victoriawilliams.Sitwitus;
				PRODUCT_NAME = "$(TARGET_NAME)";
				SWIFT_VERSION = 5.0;
				TARGETED_DEVICE_FAMILY = "1,2";
			};
			name = Debug;
		};
		F2CCE30423DFF589009B385E /* Release */ = {
			isa = XCBuildConfiguration;
			buildSettings = {
				ASSETCATALOG_COMPILER_APPICON_NAME = AppIcon;
				CODE_SIGN_STYLE = Automatic;
				DEVELOPMENT_TEAM = 4CZP9C7L6H;
				INFOPLIST_FILE = Sitwitus/Info.plist;
				LD_RUNPATH_SEARCH_PATHS = (
					"$(inherited)",
					"@executable_path/Frameworks",
				);
				PRODUCT_BUNDLE_IDENTIFIER = com.victoriawilliams.Sitwitus;
				PRODUCT_NAME = "$(TARGET_NAME)";
				SWIFT_VERSION = 5.0;
				TARGETED_DEVICE_FAMILY = "1,2";
			};
			name = Release;
		};
/* End XCBuildConfiguration section */

/* Begin XCConfigurationList section */
		F2CCE2E923DFF588009B385E /* Build configuration list for PBXProject "Sitwitus" */ = {
			isa = XCConfigurationList;
			buildConfigurations = (
				F2CCE30023DFF589009B385E /* Debug */,
				F2CCE30123DFF589009B385E /* Release */,
			);
			defaultConfigurationIsVisible = 0;
			defaultConfigurationName = Release;
		};
		F2CCE30223DFF589009B385E /* Build configuration list for PBXNativeTarget "Sitwitus" */ = {
			isa = XCConfigurationList;
			buildConfigurations = (
				F2CCE30323DFF589009B385E /* Debug */,
				F2CCE30423DFF589009B385E /* Release */,
			);
			defaultConfigurationIsVisible = 0;
			defaultConfigurationName = Release;
		};
/* End XCConfigurationList section */
	};
	rootObject = F2CCE2E623DFF588009B385E /* Project object */;
}
